{
  "requires": true,
  "lockfileVersion": 1,
  "dependencies": {
    "@vue/devtools-api": {
      "version": "6.1.4",
      "resolved": "https://registry.npmjs.org/@vue/devtools-api/-/devtools-api-6.1.4.tgz",
      "integrity": "sha512-IiA0SvDrJEgXvVxjNkHPFfDx6SXw0b/TUkqMcDZWNg9fnCAHbTpoo59YfJ9QLFkwa3raau5vSlRVzMSLDnfdtQ==",
      "dev": true
    },
    "vue-router": {
      "version": "4.0.15",
      "resolved": "https://registry.npmjs.org/vue-router/-/vue-router-4.0.15.tgz",
      "integrity": "sha512-xa+pIN9ZqORdIW1MkN2+d9Ui2pCM1b/UMgwYUCZOiFYHAvz/slKKBDha8DLrh5aCG/RibtrpyhKjKOZ85tYyWg==",
      "dev": true,
      "requires": {
        "@vue/devtools-api": "^6.0.0"
      }
    }
  }
}
